lockfileVersion: '9.0'

settings:
  autoInstallPeers: true
  excludeLinksFromLockfile: false

importers:

  .:
    dependencies:
      benchmark:
        specifier: ^2.1.4
        version: 2.1.4
      ramda:
        specifier: ^0.30.1
        version: 0.30.1
      uuid:
        specifier: ^11.0.3
        version: 11.0.3
    devDependencies:
      '@parcel/packager-ts':
        specifier: 2.13.2
        version: 2.13.2(@parcel/core@2.13.0)
      '@parcel/transformer-typescript-types':
        specifier: 2.13.2
        version: 2.13.2(@parcel/core@2.13.0)(typescript@5.6.3)
      '@types/benchmark':
        specifier: ^2.1.5
        version: 2.1.5
      '@types/mustache':
        specifier: ^4.2.5
        version: 4.2.5
      '@types/node':
        specifier: ^22.9.0
        version: 22.9.0
      '@types/ramda':
        specifier: ^0.30.2
        version: 0.30.2
      lmdb:
        specifier: ^3.1.6
        version: 3.1.6
      mustache:
        specifier: ^4.2.0
        version: 4.2.0
      typescript:
        specifier: ^5.6.3
        version: 5.6.3
      zod:
        specifier: ^3.23.8
        version: 3.23.8

packages:

  '@lezer/common@1.2.3':
    resolution: {integrity: sha512-w7ojc8ejBqr2REPsWxJjrMFsA/ysDCFICn8zEOR9mrqzOu2amhITYuLD8ag6XZf0CFXDrhKqw7+tW8cX66NaDA==}

  '@lezer/lr@1.4.2':
    resolution: {integrity: sha512-pu0K1jCIdnQ12aWNaAVU5bzi7Bd1w54J3ECgANPmYLtQKP0HBj2cE/5coBD66MT10xbtIuUr7tg0Shbsvk0mDA==}

  '@lmdb/lmdb-darwin-arm64@2.8.5':
    resolution: {integrity: sha512-KPDeVScZgA1oq0CiPBcOa3kHIqU+pTOwRFDIhxvmf8CTNvqdZQYp5cCKW0bUk69VygB2PuTiINFWbY78aR2pQw==}
    cpu: [arm64]
    os: [darwin]

  '@lmdb/lmdb-darwin-arm64@3.1.6':
    resolution: {integrity: sha512-8OlkzQMkSnNYTgM5GN5nS4+8SercL/O8FJ4G/eVnf8n5veFnhFIWpqhs2UA1p0CBeFQ6FMW8MZRjMBKDXvggKA==}
    cpu: [arm64]
    os: [darwin]

  '@lmdb/lmdb-darwin-x64@2.8.5':
    resolution: {integrity: sha512-w/sLhN4T7MW1nB3R/U8WK5BgQLz904wh+/SmA2jD8NnF7BLLoUgflCNxOeSPOWp8geP6nP/+VjWzZVip7rZ1ug==}
    cpu: [x64]
    os: [darwin]

  '@lmdb/lmdb-darwin-x64@3.1.6':
    resolution: {integrity: sha512-JD8Feo3XueQWurjsOqR7wzubCAlxBIY8qsVqx3V7DWCE2FBFFerzrS0l6WfHgBuRAbcJHV0Lpc2jPcj5CJsJGw==}
    cpu: [x64]
    os: [darwin]

  '@lmdb/lmdb-linux-arm64@2.8.5':
    resolution: {integrity: sha512-vtbZRHH5UDlL01TT5jB576Zox3+hdyogvpcbvVJlmU5PdL3c5V7cj1EODdh1CHPksRl+cws/58ugEHi8bcj4Ww==}
    cpu: [arm64]
    os: [linux]

  '@lmdb/lmdb-linux-arm64@3.1.6':
    resolution: {integrity: sha512-jzNX3YyS/42HDNTNf/dOFwbqD4eCm7iug2Qd2PUzkEB0UpifSskHadHsvtL4H2wMAj4wEqq7iBwcP7uFhRnfPw==}
    cpu: [arm64]
    os: [linux]

  '@lmdb/lmdb-linux-arm@2.8.5':
    resolution: {integrity: sha512-c0TGMbm2M55pwTDIfkDLB6BpIsgxV4PjYck2HiOX+cy/JWiBXz32lYbarPqejKs9Flm7YVAKSILUducU9g2RVg==}
    cpu: [arm]
    os: [linux]

  '@lmdb/lmdb-linux-arm@3.1.6':
    resolution: {integrity: sha512-xOy6ZkURZRMirPMpvpFtQJp3S5DfXqIhQyfeBaSMPtiKILapsOnGM8CZ4T/+Pc2N9lknQWlVMWPccRFEEiMCxA==}
    cpu: [arm]
    os: [linux]

  '@lmdb/lmdb-linux-x64@2.8.5':
    resolution: {integrity: sha512-Xkc8IUx9aEhP0zvgeKy7IQ3ReX2N8N1L0WPcQwnZweWmOuKfwpS3GRIYqLtK5za/w3E60zhFfNdS+3pBZPytqQ==}
    cpu: [x64]
    os: [linux]

  '@lmdb/lmdb-linux-x64@3.1.6':
    resolution: {integrity: sha512-WVLMNEoE9r2FdPxXm9jqX6zXpyGUBTMpfYMutfjShh3WejivLhgSz6wTCjiw4I3El6xYQErOJCRSGKAaJfskaw==}
    cpu: [x64]
    os: [linux]

  '@lmdb/lmdb-win32-x64@2.8.5':
    resolution: {integrity: sha512-4wvrf5BgnR8RpogHhtpCPJMKBmvyZPhhUtEwMJbXh0ni2BucpfF07jlmyM11zRqQ2XIq6PbC2j7W7UCCcm1rRQ==}
    cpu: [x64]
    os: [win32]

  '@lmdb/lmdb-win32-x64@3.1.6':
    resolution: {integrity: sha512-JgpC7f0UsZRfhKQstvPP7X/Lq5te7YX5lMMQkQTKlgKvaowwKN52NoqpAe89iTxxNLtKHkYA/Lhiqvz4sYDMFg==}
    cpu: [x64]
    os: [win32]

  '@mischnic/json-sourcemap@0.1.1':
    resolution: {integrity: sha512-iA7+tyVqfrATAIsIRWQG+a7ZLLD0VaOCKV2Wd/v4mqIU3J9c4jx9p7S0nw1XH3gJCKNBOOwACOPYYSUu9pgT+w==}
    engines: {node: '>=12.0.0'}

  '@msgpackr-extract/msgpackr-extract-darwin-arm64@3.0.3':
    resolution: {integrity: sha512-QZHtlVgbAdy2zAqNA9Gu1UpIuI8Xvsd1v8ic6B2pZmeFnFcMWiPLfWXh7TVw4eGEZ/C9TH281KwhVoeQUKbyjw==}
    cpu: [arm64]
    os: [darwin]

  '@msgpackr-extract/msgpackr-extract-darwin-x64@3.0.3':
    resolution: {integrity: sha512-mdzd3AVzYKuUmiWOQ8GNhl64/IoFGol569zNRdkLReh6LRLHOXxU4U8eq0JwaD8iFHdVGqSy4IjFL4reoWCDFw==}
    cpu: [x64]
    os: [darwin]

  '@msgpackr-extract/msgpackr-extract-linux-arm64@3.0.3':
    resolution: {integrity: sha512-YxQL+ax0XqBJDZiKimS2XQaf+2wDGVa1enVRGzEvLLVFeqa5kx2bWbtcSXgsxjQB7nRqqIGFIcLteF/sHeVtQg==}
    cpu: [arm64]
    os: [linux]

  '@msgpackr-extract/msgpackr-extract-linux-arm@3.0.3':
    resolution: {integrity: sha512-fg0uy/dG/nZEXfYilKoRe7yALaNmHoYeIoJuJ7KJ+YyU2bvY8vPv27f7UKhGRpY6euFYqEVhxCFZgAUNQBM3nw==}
    cpu: [arm]
    os: [linux]

  '@msgpackr-extract/msgpackr-extract-linux-x64@3.0.3':
    resolution: {integrity: sha512-cvwNfbP07pKUfq1uH+S6KJ7dT9K8WOE4ZiAcsrSes+UY55E/0jLYc+vq+DO7jlmqRb5zAggExKm0H7O/CBaesg==}
    cpu: [x64]
    os: [linux]

  '@msgpackr-extract/msgpackr-extract-win32-x64@3.0.3':
    resolution: {integrity: sha512-x0fWaQtYp4E6sktbsdAqnehxDgEc/VwM7uLsRCYWaiGu0ykYdZPiS8zCWdnjHwyiumousxfBm4SO31eXqwEZhQ==}
    cpu: [x64]
    os: [win32]

  '@parcel/cache@2.13.0':
    resolution: {integrity: sha512-8GA4Dmhu917a5ZAfLgc7G3gDEWOkFhxeoY44eU7WYgh12rSJCS9XVIaWVnzDKb0ou3brSpbVKz9rhNj1K7kmPw==}
    engines: {node: '>= 16.0.0'}
    peerDependencies:
      '@parcel/core': ^2.13.0

  '@parcel/codeframe@2.13.0':
    resolution: {integrity: sha512-mKOQSDmRzWqC/ELwjGv9ZDqkYtHwkwvpLC4gb5mUAw6VJsDqraydtluxGR2NejYwETiS4j9mQElcbHZoRcZ9uA==}
    engines: {node: '>= 16.0.0'}

  '@parcel/codeframe@2.13.2':
    resolution: {integrity: sha512-qFMiS14orb6QSQj5/J/QN+gJElUfedVAKBTNkp9QB4i8ObdLHDqHRUzFb55ZQJI3G4vsxOOWAOUXGirtLwrxGQ==}
    engines: {node: '>= 16.0.0'}

  '@parcel/core@2.13.0':
    resolution: {integrity: sha512-ok2y14uJebDuDz5QGcv+Ui4cjdroV/L5HUorYDfttNbuxjc4XpLJC9bzfu3MSwVKF44n/prT9pt3AK/Vf1LFDg==}
    engines: {node: '>= 16.0.0'}

  '@parcel/diagnostic@2.13.0':
    resolution: {integrity: sha512-ocgqebLD4VL7/zkOoNBcIRu4ndFRipPwNkLd9cdfux3QBYuYBi5DE+3RSt9IWMrwjS8DMFXCxmtNANr7zujgjw==}
    engines: {node: '>= 16.0.0'}

  '@parcel/diagnostic@2.13.2':
    resolution: {integrity: sha512-6Au0JEJ5SY2gYrY0/m0i0sTuqTvK0k2E9azhBJR+zzCREbUxLiDdLZ+vXAfLW7t/kPAcWtdNU0Bj7pnZcMiMXg==}
    engines: {node: '>= 16.0.0'}

  '@parcel/events@2.13.0':
    resolution: {integrity: sha512-vFB/GebsoiSxQy68DvrX8zpeJP2xWhSNYSN99ZbyADxutiAUnquu4nKMJCp4Pb+gNPHr2TitU6LKNGXqWLEE7w==}
    engines: {node: '>= 16.0.0'}

  '@parcel/events@2.13.2':
    resolution: {integrity: sha512-BVB9hW1RGh/tMaDHfpa+uIgz5PMULorCnjmWr/KvrlhdUSUQoaPYfRcTDYrKhoKuNIKsWSnTGvXrxE53L5qo0w==}
    engines: {node: '>= 16.0.0'}

  '@parcel/feature-flags@2.13.0':
    resolution: {integrity: sha512-HNTUy7DfEuowGqkKq2DGwhGEO9U3ORgIgRyxG4cXHMhx9BIE1lmB3ZVfu+dyq34GSYw6ceOgo0I3BZYs7rRKDA==}
    engines: {node: '>= 16.0.0'}

  '@parcel/feature-flags@2.13.2':
    resolution: {integrity: sha512-cCwDAKD4Er24EkuQ+loVZXSURpM0gAGRsLJVoBtFiCSbB3nmIJJ6FLRwSBI/5OsOUExiUXDvSpfUCA5ldGTzbw==}
    engines: {node: '>= 16.0.0'}

  '@parcel/fs@2.13.0':
    resolution: {integrity: sha512-qMaTdlrmnZPk7jy5+FC0xdE5tqzGutRhcoEKGTvtbjEBh++azw9mKkGxLe2CQXnoJXydvM++dhUUIsKhchQGxA==}
    engines: {node: '>= 16.0.0'}
    peerDependencies:
      '@parcel/core': ^2.13.0

  '@parcel/graph@3.3.0':
    resolution: {integrity: sha512-CMiX+yzpZH4clrHIbWqH7Pz2tfdS4C22WbcpUMvS4W+U97BhY4B6mm4ytEUOmyqKWiFNGFTfGwZKst9RjSLE6A==}
    engines: {node: '>= 16.0.0'}

  '@parcel/logger@2.13.0':
    resolution: {integrity: sha512-/hWNC27PntVH+GugndqPYflucG8a9Octc6fuQWS40oBZSw5kBQBYs4xkBSkTVLpcI8910HN3aSHjOJIX8ddtRg==}
    engines: {node: '>= 16.0.0'}

  '@parcel/logger@2.13.2':
    resolution: {integrity: sha512-SFVABAMqaT9jIDn4maPgaQQauPDz8fpoKUGEuLF44Q0aQFbBUy7vX7KYs/EvYSWZo4VyJcUDHvIInBlepA0/ZQ==}
    engines: {node: '>= 16.0.0'}

  '@parcel/markdown-ansi@2.13.0':
    resolution: {integrity: sha512-kznmctJ7myhu7/JKN9njHudBj4t8bv4oKW4/cvWgzVR7ftsw9oOJ8EE7eqtqOzzInyATZxXmbk+EYX4S04vLUg==}
    engines: {node: '>= 16.0.0'}

  '@parcel/markdown-ansi@2.13.2':
    resolution: {integrity: sha512-MIEoetfT/snk1GqWzBI3AhifV257i2xke9dvyQl14PPiMl+TlVhwnbQyA09WJBvDor+MuxZypHL7xoFdW8ff3A==}
    engines: {node: '>= 16.0.0'}

  '@parcel/node-resolver-core@3.4.0':
    resolution: {integrity: sha512-LFbbdUTcrbFI8fYDPk86mJc2SANPZzECTfsrqhx1u36t33iYmJTuGnYUH32unT5ra60KOmeZWny8yqedeyHwuw==}
    engines: {node: '>= 16.0.0'}

  '@parcel/package-manager@2.13.0':
    resolution: {integrity: sha512-S8cnSFpJUkPFSvrWc886nDHVTUGWqdCaoA5R8BJ8I8fMOu6pSUkkUexqK5yYnN7S0dn1bLMnKU3ARpwXhOUZJw==}
    engines: {node: '>= 16.0.0'}
    peerDependencies:
      '@parcel/core': ^2.13.0

  '@parcel/packager-ts@2.13.2':
    resolution: {integrity: sha512-GTFdmHu+hqXghlc810KxaQn4qwmwwcBWVyTNUkp/da+I7+0+qE4NL2E3ELDuRVx/j8tC3AKUeU07ln1adDNjyQ==}
    engines: {node: '>= 16.0.0', parcel: ^2.13.2}

  '@parcel/plugin@2.13.0':
    resolution: {integrity: sha512-Q00Zv+zJ+rx+C/bHVNscXot1/cPm7Xx2H/NaJpwoXGg1+GNJFRYI37ids5HyWp9H+K67OnM0bC/7VPsTr9NJ0A==}
    engines: {node: '>= 16.0.0'}

  '@parcel/plugin@2.13.2':
    resolution: {integrity: sha512-Q+RIENS1B185yLPhrGdzBK1oJrZmh/RXrYMnzJs78Tog8SpihjeNBNR6z4PT85o2F+Gy2y1S9A26fpiGq161qQ==}
    engines: {node: '>= 16.0.0'}

  '@parcel/profiler@2.13.0':
    resolution: {integrity: sha512-LW2p0Pfz5TWQprJevN1xHRhqlVm01plCgbzT72qmgjzPMI4QYcZVyG+Y62VGn6iBPivpBqm2TNqdiXzfJreQuw==}
    engines: {node: '>= 16.0.0'}

  '@parcel/profiler@2.13.2':
    resolution: {integrity: sha512-fur6Oq2HkX6AiM8rtqmDvldH5JWz0sqXA1ylz8cE3XOiDZIuvCulZmQ+hH+4odaNH6QocI1MwfV+GDh3HlQoCA==}
    engines: {node: '>= 16.0.0'}

  '@parcel/rust@2.13.0':
    resolution: {integrity: sha512-7wPx5fma2imcIpwoBHxkt4yMDLYbnxQ1utswXaDj59iDu3mJkHU9/WyZWD2KzZdrADAdF8ulR1fg1woBYQ+nwA==}
    engines: {node: '>= 16.0.0'}

  '@parcel/rust@2.13.2':
    resolution: {integrity: sha512-XFIewSwxkrDYOnnSP/XZ1LDLdXTs7L9CjQUWtl46Vir5Pq/rinemwLJeKGIwKLHy7fhUZQjYxquH6fBL+AY8DA==}
    engines: {node: '>= 16.0.0'}

  '@parcel/source-map@2.1.1':
    resolution: {integrity: sha512-Ejx1P/mj+kMjQb8/y5XxDUn4reGdr+WyKYloBljpppUy8gs42T+BNoEOuRYqDVdgPc6NxduzIDoJS9pOFfV5Ew==}
    engines: {node: ^12.18.3 || >=14}

  '@parcel/transformer-typescript-types@2.13.2':
    resolution: {integrity: sha512-EUtWLnvZuw1CiOhlgU0WEo7QHE7G0RTPyWpmMHWJljCsvpTeAlfU12V2ko2tmtFNp9F8JiwBhP0+od5+f5LlBA==}
    engines: {node: '>= 16.0.0', parcel: ^2.13.2}
    peerDependencies:
      typescript: '>=3.0.0'

  '@parcel/ts-utils@2.13.2':
    resolution: {integrity: sha512-wj6trzSaZ7nHDzx5zVQfs467WrA3p7g6bos7Opr8nTw5V1qACXa03C9ccRiEUmR0i+Bk8kEZKUunswhjBiPuHg==}
    engines: {node: '>= 16.0.0'}
    peerDependencies:
      typescript: '>=3.0.0'

  '@parcel/types-internal@2.13.0':
    resolution: {integrity: sha512-yhIbaH+VXQB7Leifsnwifr80R6q2Yqeo+xN4KcPGuGH94iX7LrxJ3V0iwUMIg5nGmh5hmNbq0MEYFFxqVuZ8wQ==}

  '@parcel/types-internal@2.13.2':
    resolution: {integrity: sha512-j0zb3WNM8O/+d8CArll7/4w4AyBED3Jbo32/unz89EPVN0VklmgBrRCAI5QXDKuJAGdAZSL5/a8bNYbwl7/Wxw==}

  '@parcel/types@2.13.0':
    resolution: {integrity: sha512-o9Oe43ZIe5rwY/vqE70yZxSPfkNAIoXdLTnqYX+bIDchqWqY6xSSeNdhkwuT5VNKAh5F8T1UJput7rgE6Znx/w==}

  '@parcel/types@2.13.2':
    resolution: {integrity: sha512-6ixqjk2pjKELn4sQ/jdvpbCVTeH6xXQTdotkN8Wzk68F2K2MtSPIRAEocumlexScfffbRQplr2MdIf1JJWLogA==}

  '@parcel/utils@2.13.0':
    resolution: {integrity: sha512-tLHtce8s2gNFHC9kS5VkNrf6YX9ZjVigk/+ZeWpsde8lBpCaY8OHLubJMXSAdk6q26RDn8tCrdMkndlfautDIw==}
    engines: {node: '>= 16.0.0'}

  '@parcel/utils@2.13.2':
    resolution: {integrity: sha512-BkFtRo5xenmonwnBy+X4sVbHIRrx+ZHMPpS/6hFqyTvoUUFq2yTFQnfRGVVOOvscVUxpGom+kewnrTG3HHbZoA==}
    engines: {node: '>= 16.0.0'}

  '@parcel/watcher-android-arm64@2.5.0':
    resolution: {integrity: sha512-qlX4eS28bUcQCdribHkg/herLe+0A9RyYC+mm2PXpncit8z5b3nSqGVzMNR3CmtAOgRutiZ02eIJJgP/b1iEFQ==}
    engines: {node: '>= 10.0.0'}
    cpu: [arm64]
    os: [android]

  '@parcel/watcher-darwin-arm64@2.5.0':
    resolution: {integrity: sha512-hyZ3TANnzGfLpRA2s/4U1kbw2ZI4qGxaRJbBH2DCSREFfubMswheh8TeiC1sGZ3z2jUf3s37P0BBlrD3sjVTUw==}
    engines: {node: '>= 10.0.0'}
    cpu: [arm64]
    os: [darwin]

  '@parcel/watcher-darwin-x64@2.5.0':
    resolution: {integrity: sha512-9rhlwd78saKf18fT869/poydQK8YqlU26TMiNg7AIu7eBp9adqbJZqmdFOsbZ5cnLp5XvRo9wcFmNHgHdWaGYA==}
    engines: {node: '>= 10.0.0'}
    cpu: [x64]
    os: [darwin]

  '@parcel/watcher-freebsd-x64@2.5.0':
    resolution: {integrity: sha512-syvfhZzyM8kErg3VF0xpV8dixJ+RzbUaaGaeb7uDuz0D3FK97/mZ5AJQ3XNnDsXX7KkFNtyQyFrXZzQIcN49Tw==}
    engines: {node: '>= 10.0.0'}
    cpu: [x64]
    os: [freebsd]

  '@parcel/watcher-linux-arm-glibc@2.5.0':
    resolution: {integrity: sha512-0VQY1K35DQET3dVYWpOaPFecqOT9dbuCfzjxoQyif1Wc574t3kOSkKevULddcR9znz1TcklCE7Ht6NIxjvTqLA==}
    engines: {node: '>= 10.0.0'}
    cpu: [arm]
    os: [linux]

  '@parcel/watcher-linux-arm-musl@2.5.0':
    resolution: {integrity: sha512-6uHywSIzz8+vi2lAzFeltnYbdHsDm3iIB57d4g5oaB9vKwjb6N6dRIgZMujw4nm5r6v9/BQH0noq6DzHrqr2pA==}
    engines: {node: '>= 10.0.0'}
    cpu: [arm]
    os: [linux]

  '@parcel/watcher-linux-arm64-glibc@2.5.0':
    resolution: {integrity: sha512-BfNjXwZKxBy4WibDb/LDCriWSKLz+jJRL3cM/DllnHH5QUyoiUNEp3GmL80ZqxeumoADfCCP19+qiYiC8gUBjA==}
    engines: {node: '>= 10.0.0'}
    cpu: [arm64]
    os: [linux]

  '@parcel/watcher-linux-arm64-musl@2.5.0':
    resolution: {integrity: sha512-S1qARKOphxfiBEkwLUbHjCY9BWPdWnW9j7f7Hb2jPplu8UZ3nes7zpPOW9bkLbHRvWM0WDTsjdOTUgW0xLBN1Q==}
    engines: {node: '>= 10.0.0'}
    cpu: [arm64]
    os: [linux]

  '@parcel/watcher-linux-x64-glibc@2.5.0':
    resolution: {integrity: sha512-d9AOkusyXARkFD66S6zlGXyzx5RvY+chTP9Jp0ypSTC9d4lzyRs9ovGf/80VCxjKddcUvnsGwCHWuF2EoPgWjw==}
    engines: {node: '>= 10.0.0'}
    cpu: [x64]
    os: [linux]

  '@parcel/watcher-linux-x64-musl@2.5.0':
    resolution: {integrity: sha512-iqOC+GoTDoFyk/VYSFHwjHhYrk8bljW6zOhPuhi5t9ulqiYq1togGJB5e3PwYVFFfeVgc6pbz3JdQyDoBszVaA==}
    engines: {node: '>= 10.0.0'}
    cpu: [x64]
    os: [linux]

  '@parcel/watcher-win32-arm64@2.5.0':
    resolution: {integrity: sha512-twtft1d+JRNkM5YbmexfcH/N4znDtjgysFaV9zvZmmJezQsKpkfLYJ+JFV3uygugK6AtIM2oADPkB2AdhBrNig==}
    engines: {node: '>= 10.0.0'}
    cpu: [arm64]
    os: [win32]

  '@parcel/watcher-win32-ia32@2.5.0':
    resolution: {integrity: sha512-+rgpsNRKwo8A53elqbbHXdOMtY/tAtTzManTWShB5Kk54N8Q9mzNWV7tV+IbGueCbcj826MfWGU3mprWtuf1TA==}
    engines: {node: '>= 10.0.0'}
    cpu: [ia32]
    os: [win32]

  '@parcel/watcher-win32-x64@2.5.0':
    resolution: {integrity: sha512-lPrxve92zEHdgeff3aiu4gDOIt4u7sJYha6wbdEZDCDUhtjTsOMiaJzG5lMY4GkWH8p0fMmO2Ppq5G5XXG+DQw==}
    engines: {node: '>= 10.0.0'}
    cpu: [x64]
    os: [win32]

  '@parcel/watcher@2.5.0':
    resolution: {integrity: sha512-i0GV1yJnm2n3Yq1qw6QrUrd/LI9bE8WEBOTtOkpCXHHdyN3TAGgqAK/DAT05z4fq2x04cARXt2pDmjWjL92iTQ==}
    engines: {node: '>= 10.0.0'}

  '@parcel/workers@2.13.0':
    resolution: {integrity: sha512-E9LryfGSog45j/ZSMyGSQVuuBWen2P0s/SEwIsXIYQFP/MGY9tL4ZUwVyfThHOI0kx8d8PfdNaSHBOZEIRrXvQ==}
    engines: {node: '>= 16.0.0'}
    peerDependencies:
      '@parcel/core': ^2.13.0

  '@parcel/workers@2.13.2':
    resolution: {integrity: sha512-P78BpH0yTT9KK09wgK4eabtlb5OlcWAmZebOToN5UYuwWEylKt0gWZx1+d+LPQupvK84/iZ+AutDScsATjgUMw==}
    engines: {node: '>= 16.0.0'}
    peerDependencies:
      '@parcel/core': ^2.13.2

  '@swc/core-darwin-arm64@1.9.2':
    resolution: {integrity: sha512-nETmsCoY29krTF2PtspEgicb3tqw7Ci5sInTI03EU5zpqYbPjoPH99BVTjj0OsF53jP5MxwnLI5Hm21lUn1d6A==}
    engines: {node: '>=10'}
    cpu: [arm64]
    os: [darwin]

  '@swc/core-darwin-x64@1.9.2':
    resolution: {integrity: sha512-9gD+bwBz8ZByjP6nZTXe/hzd0tySIAjpDHgkFiUrc+5zGF+rdTwhcNrzxNHJmy6mw+PW38jqII4uspFHUqqxuQ==}
    engines: {node: '>=10'}
    cpu: [x64]
    os: [darwin]

  '@swc/core-linux-arm-gnueabihf@1.9.2':
    resolution: {integrity: sha512-kYq8ief1Qrn+WmsTWAYo4r+Coul4dXN6cLFjiPZ29Cv5pyU+GFvSPAB4bEdMzwy99rCR0u2P10UExaeCjurjvg==}
    engines: {node: '>=10'}
    cpu: [arm]
    os: [linux]

  '@swc/core-linux-arm64-gnu@1.9.2':
    resolution: {integrity: sha512-n0W4XiXlmEIVqxt+rD3ZpkogsEWUk1jJ+i5bQNgB+1JuWh0fBE8c/blDgTQXa0GB5lTPVDZQussgdNOCnAZwiA==}
    engines: {node: '>=10'}
    cpu: [arm64]
    os: [linux]

  '@swc/core-linux-arm64-musl@1.9.2':
    resolution: {integrity: sha512-8xzrOmsyCC1zrx2Wzx/h8dVsdewO1oMCwBTLc1gSJ/YllZYTb04pNm6NsVbzUX2tKddJVRgSJXV10j/NECLwpA==}
    engines: {node: '>=10'}
    cpu: [arm64]
    os: [linux]

  '@swc/core-linux-x64-gnu@1.9.2':
    resolution: {integrity: sha512-kZrNz/PjRQKcchWF6W292jk3K44EoVu1ad5w+zbS4jekIAxsM8WwQ1kd+yjUlN9jFcF8XBat5NKIs9WphJCVXg==}
    engines: {node: '>=10'}
    cpu: [x64]
    os: [linux]

  '@swc/core-linux-x64-musl@1.9.2':
    resolution: {integrity: sha512-TTIpR4rjMkhX1lnFR+PSXpaL83TrQzp9znRdp2TzYrODlUd/R20zOwSo9vFLCyH6ZoD47bccY7QeGZDYT3nlRg==}
    engines: {node: '>=10'}
    cpu: [x64]
    os: [linux]

  '@swc/core-win32-arm64-msvc@1.9.2':
    resolution: {integrity: sha512-+Eg2d4icItKC0PMjZxH7cSYFLWk0aIp94LNmOw6tPq0e69ax6oh10upeq0D1fjWsKLmOJAWEvnXlayZcijEXDw==}
    engines: {node: '>=10'}
    cpu: [arm64]
    os: [win32]

  '@swc/core-win32-ia32-msvc@1.9.2':
    resolution: {integrity: sha512-nLWBi4vZDdM/LkiQmPCakof8Dh1/t5EM7eudue04V1lIcqx9YHVRS3KMwEaCoHLGg0c312Wm4YgrWQd9vwZ5zQ==}
    engines: {node: '>=10'}
    cpu: [ia32]
    os: [win32]

  '@swc/core-win32-x64-msvc@1.9.2':
    resolution: {integrity: sha512-ik/k+JjRJBFkXARukdU82tSVx0CbExFQoQ78qTO682esbYXzjdB5eLVkoUbwen299pnfr88Kn4kyIqFPTje8Xw==}
    engines: {node: '>=10'}
    cpu: [x64]
    os: [win32]

  '@swc/core@1.9.2':
    resolution: {integrity: sha512-dYyEkO6mRYtZFpnOsnYzv9rY69fHAHoawYOjGOEcxk9WYtaJhowMdP/w6NcOKnz2G7GlZaenjkzkMa6ZeQeMsg==}
    engines: {node: '>=10'}
    peerDependencies:
      '@swc/helpers': '*'
    peerDependenciesMeta:
      '@swc/helpers':
        optional: true

  '@swc/counter@0.1.3':
    resolution: {integrity: sha512-e2BR4lsJkkRlKZ/qCHPw9ZaSxc0MVUd7gtbtaB7aMvHeJVYe8sOB8DBZkP2DtISHGSku9sCK6T6cnY0CtXrOCQ==}

  '@swc/types@0.1.15':
    resolution: {integrity: sha512-XKaZ+dzDIQ9Ot9o89oJQ/aluI17+VvUnIpYJTcZtvv1iYX6MzHh3Ik2CSR7MdPKpPwfZXHBeCingb2b4PoDVdw==}

  '@types/benchmark@2.1.5':
    resolution: {integrity: sha512-cKio2eFB3v7qmKcvIHLUMw/dIx/8bhWPuzpzRT4unCPRTD8VdA9Zb0afxpcxOqR4PixRS7yT42FqGS8BYL8g1w==}

  '@types/mustache@4.2.5':
    resolution: {integrity: sha512-PLwiVvTBg59tGFL/8VpcGvqOu3L4OuveNvPi0EYbWchRdEVP++yRUXJPFl+CApKEq13017/4Nf7aQ5lTtHUNsA==}

  '@types/node@22.9.0':
    resolution: {integrity: sha512-vuyHg81vvWA1Z1ELfvLko2c8f34gyA0zaic0+Rllc5lbCnbSyuvb2Oxpm6TAUAC/2xZN3QGqxBNggD1nNR2AfQ==}

  '@types/ramda@0.30.2':
    resolution: {integrity: sha512-PyzHvjCalm2BRYjAU6nIB3TprYwMNOUY/7P/N8bSzp9W/yM2YrtGtAnnVtaCNSeOZ8DzKyFDvaqQs7LnWwwmBA==}

  ansi-styles@4.3.0:
    resolution: {integrity: sha512-zbB9rCJAT1rbjiVDb2hqKFHNYLxgtk8NURxZ3IZwD3F6NtxbXZQCnnSi1Lkx+IDohdPlFp222wVALIheZJQSEg==}
    engines: {node: '>=8'}

  base-x@3.0.10:
    resolution: {integrity: sha512-7d0s06rR9rYaIWHkpfLIFICM/tkSVdoPC9qYAQRpxn9DdKNWNsKC0uk++akckyLq16Tx2WIinnZ6WRriAt6njQ==}

  benchmark@2.1.4:
    resolution: {integrity: sha512-l9MlfN4M1K/H2fbhfMy3B7vJd6AGKJVQn2h6Sg/Yx+KckoUA7ewS5Vv6TjSq18ooE1kS9hhAlQRH3AkXIh/aOQ==}

  braces@3.0.3:
    resolution: {integrity: sha512-yQbXgO/OSZVD2IsiLlro+7Hf6Q18EJrKSEsdoMzKePKXct3gvD8oLcOQdIzGupr5Fj+EDe8gO/lxc1BzfMpxvA==}
    engines: {node: '>=8'}

  browserslist@4.24.2:
    resolution: {integrity: sha512-ZIc+Q62revdMcqC6aChtW4jz3My3klmCO1fEmINZY/8J3EpBg5/A/D0AKmBveUh6pgoeycoMkVMko84tuYS+Gg==}
    engines: {node: ^6 || ^7 || ^8 || ^9 || ^10 || ^11 || ^12 || >=13.7}
    hasBin: true

  caniuse-lite@1.0.30001680:
    resolution: {integrity: sha512-rPQy70G6AGUMnbwS1z6Xg+RkHYPAi18ihs47GH0jcxIG7wArmPgY3XbS2sRdBbxJljp3thdT8BIqv9ccCypiPA==}

  chalk@4.1.2:
    resolution: {integrity: sha512-oKnbhFyRIXpUuez8iBMmyEa4nbj4IOQyuhc/wy9kY7/WVPcwIO9VA668Pu8RkO7+0G76SLROeyw9CpQ061i4mA==}
    engines: {node: '>=10'}

  chrome-trace-event@1.0.4:
    resolution: {integrity: sha512-rNjApaLzuwaOTjCiT8lSDdGN1APCiqkChLMJxJPWLunPAt5fy8xgU9/jNOchV84wfIxrA0lRQB7oCT8jrn/wrQ==}
    engines: {node: '>=6.0'}

  clone@2.1.2:
    resolution: {integrity: sha512-3Pe/CF1Nn94hyhIYpjtiLhdCoEoz0DqQ+988E9gmeEdQZlojxnOb74wctFyuwWQHzqyf9X7C7MG8juUpqBJT8w==}
    engines: {node: '>=0.8'}

  color-convert@2.0.1:
    resolution: {integrity: sha512-RRECPsj7iu/xb5oKYcsFHSppFNnsj/52OVTRKb4zP5onXwVF3zVmmToNcOfGC+CRDpfK/U584fMg38ZHCaElKQ==}
    engines: {node: '>=7.0.0'}

  color-name@1.1.4:
    resolution: {integrity: sha512-dOy+3AuW3a2wNbZHIuMZpTcgjGuLU/uBL/ubcZF9OXbDo8ff4O8yVp5Bf0efS8uEoYo5q4Fx7dY9OgQGXgAsQA==}

  detect-libc@1.0.3:
    resolution: {integrity: sha512-pGjwhsmsp4kL2RTz08wcOlGN83otlqHeD/Z5T8GXZB+/YcpQ/dgo+lbU8ZsGxV0HIvqqxo9l7mqYwyYMD9bKDg==}
    engines: {node: '>=0.10'}
    hasBin: true

  detect-libc@2.0.3:
    resolution: {integrity: sha512-bwy0MGW55bG41VqxxypOsdSdGqLwXPI/focwgTYCFMbdUiBAxLg9CFzG08sz2aqzknwiX7Hkl0bQENjg8iLByw==}
    engines: {node: '>=8'}

  dotenv-expand@11.0.7:
    resolution: {integrity: sha512-zIHwmZPRshsCdpMDyVsqGmgyP0yT8GAgXUnkdAoJisxvf33k7yO6OuoKmcTGuXPWSsm8Oh88nZicRLA9Y0rUeA==}
    engines: {node: '>=12'}

  dotenv@16.4.5:
    resolution: {integrity: sha512-ZmdL2rui+eB2YwhsWzjInR8LldtZHGDoQ1ugH85ppHKwpUHL7j7rN0Ti9NCnGiQbhaZ11FpR+7ao1dNsmduNUg==}
    engines: {node: '>=12'}

  electron-to-chromium@1.5.63:
    resolution: {integrity: sha512-ddeXKuY9BHo/mw145axlyWjlJ1UBt4WK3AlvkT7W2AbqfRQoacVoRUCF6wL3uIx/8wT9oLKXzI+rFqHHscByaA==}

  escalade@3.2.0:
    resolution: {integrity: sha512-WUj2qlxaQtO4g6Pq5c29GTcWGDyd8itL8zTlipgECz3JesAiiOKotd8JU6otB3PACgG6xkJUyVhboMS+bje/jA==}
    engines: {node: '>=6'}

  fill-range@7.1.1:
    resolution: {integrity: sha512-YsGpe3WHLK8ZYi4tWDg2Jy3ebRz2rXowDxnld4bkQB00cc/1Zw9AWnC0i9ztDJitivtQvaI9KaLyKrc+hBW0yg==}
    engines: {node: '>=8'}

  has-flag@4.0.0:
    resolution: {integrity: sha512-EykJT/Q1KjTWctppgIAgfSO0tKVuZUjhgMr17kqTumMl6Afv3EISleU7qZUzoXDFTAHTDC4NOoG/ZxU3EvlMPQ==}
    engines: {node: '>=8'}

  is-extglob@2.1.1:
    resolution: {integrity: sha512-SbKbANkN603Vi4jEZv49LeVJMn4yGwsbzZworEoyEiutsN3nJYdbO36zfhGJ6QEDpOZIFkDtnq5JRxmvl3jsoQ==}
    engines: {node: '>=0.10.0'}

  is-glob@4.0.3:
    resolution: {integrity: sha512-xelSayHH36ZgE7ZWhli7pW34hNbNl8Ojv5KVmkJD4hBdD3th8Tfk9vYasLM+mXWOZhFkgZfxhLSnrwRr4elSSg==}
    engines: {node: '>=0.10.0'}

  is-number@7.0.0:
    resolution: {integrity: sha512-41Cifkg6e8TylSpdtTpeLVMqvSBEVzTttHvERD741+pnZ8ANv0004MRL43QKPDlK9cGvNp6NZWZUBlbGXYxxng==}
    engines: {node: '>=0.12.0'}

  json5@2.2.3:
    resolution: {integrity: sha512-XmOWe7eyHYH14cLdVPoyg+GOH3rYX++KpzrylJwSW98t3Nk+U8XOl8FWKOgwtzdb8lXGf6zYwDUzeHMWfxasyg==}
    engines: {node: '>=6'}
    hasBin: true

  lmdb@2.8.5:
    resolution: {integrity: sha512-9bMdFfc80S+vSldBmG3HOuLVHnxRdNTlpzR6QDnzqCQtCzGUEAGTzBKYMeIM+I/sU4oZfgbcbS7X7F65/z/oxQ==}
    hasBin: true

  lmdb@3.1.6:
    resolution: {integrity: sha512-bz20Me9cjrz5NdSoQkdTfTOSC9JV/txjZSkiOSQ4RPDPoG/IcWktB47gXNJTgVG0uzo3mtr2JrHpNjqRCRi5TA==}
    hasBin: true

  lodash@4.17.21:
    resolution: {integrity: sha512-v2kDEe57lecTulaDIuNTPy3Ry4gLGJ6Z1O3vE1krgXZNrsQ+LFTGHVxVjcXPs17LhbZVGedAJv8XZ1tvj5FvSg==}

  micromatch@4.0.8:
    resolution: {integrity: sha512-PXwfBhYu0hBCPw8Dn0E+WDYb7af3dSLVWKi3HGv84IdF4TyFoC0ysxFd0Goxw7nSv4T/PzEJQxsYsEiFCKo2BA==}
    engines: {node: '>=8.6'}

  msgpackr-extract@3.0.3:
    resolution: {integrity: sha512-P0efT1C9jIdVRefqjzOQ9Xml57zpOXnIuS+csaB4MdZbTdmGDLo8XhzBG1N7aO11gKDDkJvBLULeFTo46wwreA==}
    hasBin: true

  msgpackr@1.11.2:
    resolution: {integrity: sha512-F9UngXRlPyWCDEASDpTf6c9uNhGPTqnTeLVt7bN+bU1eajoR/8V9ys2BRaV5C/e5ihE6sJ9uPIKaYt6bFuO32g==}

  mustache@4.2.0:
    resolution: {integrity: sha512-71ippSywq5Yb7/tVYyGbkBggbU8H3u5Rz56fH60jGFgr8uHwxs+aSKeqmluIVzM0m0kB7xQjKS6qPfd0b2ZoqQ==}
    hasBin: true

  node-addon-api@6.1.0:
    resolution: {integrity: sha512-+eawOlIgy680F0kBzPUNFhMZGtJ1YmqM6l4+Crf4IkImjYrO/mqPwRMh352g23uIaQKFItcQ64I7KMaJxHgAVA==}

  node-addon-api@7.1.1:
    resolution: {integrity: sha512-5m3bsyrjFWE1xf7nz7YXdN4udnVtXK6/Yfgn5qnahL6bCkf2yKt4k3nuTKAtT4r3IG8JNR2ncsIMdZuAzJjHQQ==}

  node-gyp-build-optional-packages@5.1.1:
    resolution: {integrity: sha512-+P72GAjVAbTxjjwUmwjVrqrdZROD4nf8KgpBoDxqXXTiYZZt/ud60dE5yvCSr9lRO8e8yv6kgJIC0K0PfZFVQw==}
    hasBin: true

  node-gyp-build-optional-packages@5.2.2:
    resolution: {integrity: sha512-s+w+rBWnpTMwSFbaE0UXsRlg7hU4FjekKU4eyAih5T8nJuNZT1nNsskXpxmeqSK9UzkBl6UgRlnKc8hz8IEqOw==}
    hasBin: true

  node-releases@2.0.18:
    resolution: {integrity: sha512-d9VeXT4SJ7ZeOqGX6R5EM022wpL+eWPooLI+5UpWn2jCT1aosUQEhQP214x33Wkwx3JQMvIm+tIoVOdodFS40g==}

  nullthrows@1.1.1:
    resolution: {integrity: sha512-2vPPEi+Z7WqML2jZYddDIfy5Dqb0r2fze2zTxNNknZaFpVHU3mFB3R+DWeJWGVx0ecvttSGlJTI+WG+8Z4cDWw==}

  ordered-binary@1.5.3:
    resolution: {integrity: sha512-oGFr3T+pYdTGJ+YFEILMpS3es+GiIbs9h/XQrclBXUtd44ey7XwfsMzM31f64I1SQOawDoDr/D823kNCADI8TA==}

  picocolors@1.1.1:
    resolution: {integrity: sha512-xceH2snhtb5M9liqDsmEw56le376mTZkEX/jEb/RxNFyegNul7eNslCXP9FDj/Lcu0X8KEyMceP2ntpaHrDEVA==}

  picomatch@2.3.1:
    resolution: {integrity: sha512-JU3teHTNjmE2VCGFzuY8EXzCDVwEqB2a8fsIvwaStHhAWJEeVd1o1QD80CU6+ZdEXXSLbSsuLwJjkCBWqRQUVA==}
    engines: {node: '>=8.6'}

  platform@1.3.6:
    resolution: {integrity: sha512-fnWVljUchTro6RiCFvCXBbNhJc2NijN7oIQxbwsyL0buWJPG85v81ehlHI9fXrJsMNgTofEoWIQeClKpgxFLrg==}

  ramda@0.30.1:
    resolution: {integrity: sha512-tEF5I22zJnuclswcZMc8bDIrwRHRzf+NqVEmqg50ShAZMP7MWeR/RGDthfM/p+BlqvF2fXAzpn8i+SJcYD3alw==}

  safe-buffer@5.2.1:
    resolution: {integrity: sha512-rp3So07KcdmmKbGvgaNxQSJr7bGVSVk5S9Eq1F+ppbRo70+YeaDxkw5Dd8NPN+GD6bjnYm2VuPuCXmpuYvmCXQ==}

  semver@7.6.3:
    resolution: {integrity: sha512-oVekP1cKtI+CTDvHWYFUcMtsK/00wmAEfyqKfNdARm8u1wNVhSgaX7A8d4UuIlUI5e84iEwOhs7ZPYRmzU9U6A==}
    engines: {node: '>=10'}
    hasBin: true

  supports-color@7.2.0:
    resolution: {integrity: sha512-qpCAvRl9stuOHveKsn7HncJRvv501qIacKzQlO/+Lwxc9+0q2wLyv4Dfvt80/DPn2pqOBsJdDiogXGR9+OvwRw==}
    engines: {node: '>=8'}

  to-regex-range@5.0.1:
    resolution: {integrity: sha512-65P7iz6X5yEr1cwcgvQxbbIw7Uk3gOy5dIdtZ4rDveLqhrdJP+Li/Hx6tyK0NEb+2GCyneCMJiGqrADCSNk8sQ==}
    engines: {node: '>=8.0'}

  ts-toolbelt@9.6.0:
    resolution: {integrity: sha512-nsZd8ZeNUzukXPlJmTBwUAuABDe/9qtVDelJeT/qW0ow3ZS3BsQJtNkan1802aM9Uf68/Y8ljw86Hu0h5IUW3w==}

  types-ramda@0.30.1:
    resolution: {integrity: sha512-1HTsf5/QVRmLzcGfldPFvkVsAdi1db1BBKzi7iW3KBUlOICg/nKnFS+jGqDJS3YD8VsWbAh7JiHeBvbsw8RPxA==}

  typescript@5.6.3:
    resolution: {integrity: sha512-hjcS1mhfuyi4WW8IWtjP7brDrG2cuDZukyrYrSauoXGNgx0S7zceP07adYkJycEr56BOUTNPzbInooiN3fn1qw==}
    engines: {node: '>=14.17'}
    hasBin: true

  undici-types@6.19.8:
    resolution: {integrity: sha512-ve2KP6f/JnbPBFyobGHuerC9g1FYGn/F8n1LWTwNxCEzd6IfqTwUQcNXgEtmmQ6DlRrC1hrSrBnCZPokRrDHjw==}

  update-browserslist-db@1.1.1:
    resolution: {integrity: sha512-R8UzCaa9Az+38REPiJ1tXlImTJXlVfgHZsglwBD/k6nj76ctsH1E3q4doGrukiLQd3sGQYu56r5+lo5r94l29A==}
    hasBin: true
    peerDependencies:
      browserslist: '>= 4.21.0'

  utility-types@3.11.0:
    resolution: {integrity: sha512-6Z7Ma2aVEWisaL6TvBCy7P8rm2LQoPv6dJ7ecIaIixHcwfbJ0x7mWdbcwlIM5IGQxPZSFYeqRCqlOOeKoJYMkw==}
    engines: {node: '>= 4'}

  uuid@11.0.3:
    resolution: {integrity: sha512-d0z310fCWv5dJwnX1Y/MncBAqGMKEzlBb1AOf7z9K8ALnd0utBX/msg/fA0+sbyN1ihbMsLhrBlnl1ak7Wa0rg==}
    hasBin: true

  weak-lru-cache@1.2.2:
    resolution: {integrity: sha512-DEAoo25RfSYMuTGc9vPJzZcZullwIqRDSI9LOy+fkCJPi6hykCnfKaXTuPBDuXAUcqHXyOgFtHNp/kB2FjYHbw==}

  zod@3.23.8:
    resolution: {integrity: sha512-XBx9AXhXktjUqnepgTiE5flcKIYWi/rme0Eaj+5Y0lftuGBq+jyRu/md4WnuxqgP1ubdpNCsYEYPxrzVHD8d6g==}

snapshots:

  '@lezer/common@1.2.3': {}

  '@lezer/lr@1.4.2':
    dependencies:
      '@lezer/common': 1.2.3

  '@lmdb/lmdb-darwin-arm64@2.8.5':
    optional: true

  '@lmdb/lmdb-darwin-arm64@3.1.6':
    optional: true

  '@lmdb/lmdb-darwin-x64@2.8.5':
    optional: true

  '@lmdb/lmdb-darwin-x64@3.1.6':
    optional: true

  '@lmdb/lmdb-linux-arm64@2.8.5':
    optional: true

  '@lmdb/lmdb-linux-arm64@3.1.6':
    optional: true

  '@lmdb/lmdb-linux-arm@2.8.5':
    optional: true

  '@lmdb/lmdb-linux-arm@3.1.6':
    optional: true

  '@lmdb/lmdb-linux-x64@2.8.5':
    optional: true

  '@lmdb/lmdb-linux-x64@3.1.6':
    optional: true

  '@lmdb/lmdb-win32-x64@2.8.5':
    optional: true

  '@lmdb/lmdb-win32-x64@3.1.6':
    optional: true

  '@mischnic/json-sourcemap@0.1.1':
    dependencies:
      '@lezer/common': 1.2.3
      '@lezer/lr': 1.4.2
      json5: 2.2.3

  '@msgpackr-extract/msgpackr-extract-darwin-arm64@3.0.3':
    optional: true

  '@msgpackr-extract/msgpackr-extract-darwin-x64@3.0.3':
    optional: true

  '@msgpackr-extract/msgpackr-extract-linux-arm64@3.0.3':
    optional: true

  '@msgpackr-extract/msgpackr-extract-linux-arm@3.0.3':
    optional: true

  '@msgpackr-extract/msgpackr-extract-linux-x64@3.0.3':
    optional: true

  '@msgpackr-extract/msgpackr-extract-win32-x64@3.0.3':
    optional: true

  '@parcel/cache@2.13.0(@parcel/core@2.13.0)':
    dependencies:
      '@parcel/core': 2.13.0
      '@parcel/fs': 2.13.0(@parcel/core@2.13.0)
      '@parcel/logger': 2.13.0
      '@parcel/utils': 2.13.0
      lmdb: 2.8.5

  '@parcel/codeframe@2.13.0':
    dependencies:
      chalk: 4.1.2

  '@parcel/codeframe@2.13.2':
    dependencies:
      chalk: 4.1.2

  '@parcel/core@2.13.0':
    dependencies:
      '@mischnic/json-sourcemap': 0.1.1
      '@parcel/cache': 2.13.0(@parcel/core@2.13.0)
      '@parcel/diagnostic': 2.13.0
      '@parcel/events': 2.13.0
      '@parcel/feature-flags': 2.13.0
      '@parcel/fs': 2.13.0(@parcel/core@2.13.0)
      '@parcel/graph': 3.3.0
      '@parcel/logger': 2.13.0
      '@parcel/package-manager': 2.13.0(@parcel/core@2.13.0)
      '@parcel/plugin': 2.13.0(@parcel/core@2.13.0)
      '@parcel/profiler': 2.13.0
      '@parcel/rust': 2.13.0
      '@parcel/source-map': 2.1.1
      '@parcel/types': 2.13.0(@parcel/core@2.13.0)
      '@parcel/utils': 2.13.0
      '@parcel/workers': 2.13.0(@parcel/core@2.13.0)
      base-x: 3.0.10
      browserslist: 4.24.2
      clone: 2.1.2
      dotenv: 16.4.5
      dotenv-expand: 11.0.7
      json5: 2.2.3
      msgpackr: 1.11.2
      nullthrows: 1.1.1
      semver: 7.6.3
    transitivePeerDependencies:
      - '@swc/helpers'

  '@parcel/diagnostic@2.13.0':
    dependencies:
      '@mischnic/json-sourcemap': 0.1.1
      nullthrows: 1.1.1

  '@parcel/diagnostic@2.13.2':
    dependencies:
      '@mischnic/json-sourcemap': 0.1.1
      nullthrows: 1.1.1

  '@parcel/events@2.13.0': {}

  '@parcel/events@2.13.2': {}

  '@parcel/feature-flags@2.13.0': {}

  '@parcel/feature-flags@2.13.2': {}

  '@parcel/fs@2.13.0(@parcel/core@2.13.0)':
    dependencies:
      '@parcel/core': 2.13.0
      '@parcel/feature-flags': 2.13.0
      '@parcel/rust': 2.13.0
      '@parcel/types-internal': 2.13.0
      '@parcel/utils': 2.13.0
      '@parcel/watcher': 2.5.0
      '@parcel/workers': 2.13.0(@parcel/core@2.13.0)

  '@parcel/graph@3.3.0':
    dependencies:
      '@parcel/feature-flags': 2.13.0
      nullthrows: 1.1.1

  '@parcel/logger@2.13.0':
    dependencies:
      '@parcel/diagnostic': 2.13.0
      '@parcel/events': 2.13.0

  '@parcel/logger@2.13.2':
    dependencies:
      '@parcel/diagnostic': 2.13.2
      '@parcel/events': 2.13.2

  '@parcel/markdown-ansi@2.13.0':
    dependencies:
      chalk: 4.1.2

  '@parcel/markdown-ansi@2.13.2':
    dependencies:
      chalk: 4.1.2

  '@parcel/node-resolver-core@3.4.0(@parcel/core@2.13.0)':
    dependencies:
      '@mischnic/json-sourcemap': 0.1.1
      '@parcel/diagnostic': 2.13.0
      '@parcel/fs': 2.13.0(@parcel/core@2.13.0)
      '@parcel/rust': 2.13.0
      '@parcel/utils': 2.13.0
      nullthrows: 1.1.1
      semver: 7.6.3
    transitivePeerDependencies:
      - '@parcel/core'

  '@parcel/package-manager@2.13.0(@parcel/core@2.13.0)':
    dependencies:
      '@parcel/core': 2.13.0
      '@parcel/diagnostic': 2.13.0
      '@parcel/fs': 2.13.0(@parcel/core@2.13.0)
      '@parcel/logger': 2.13.0
      '@parcel/node-resolver-core': 3.4.0(@parcel/core@2.13.0)
      '@parcel/types': 2.13.0(@parcel/core@2.13.0)
      '@parcel/utils': 2.13.0
      '@parcel/workers': 2.13.0(@parcel/core@2.13.0)
      '@swc/core': 1.9.2
      semver: 7.6.3
    transitivePeerDependencies:
      - '@swc/helpers'

  '@parcel/packager-ts@2.13.2(@parcel/core@2.13.0)':
    dependencies:
      '@parcel/plugin': 2.13.2(@parcel/core@2.13.0)
    transitivePeerDependencies:
      - '@parcel/core'

  '@parcel/plugin@2.13.0(@parcel/core@2.13.0)':
    dependencies:
      '@parcel/types': 2.13.0(@parcel/core@2.13.0)
    transitivePeerDependencies:
      - '@parcel/core'

  '@parcel/plugin@2.13.2(@parcel/core@2.13.0)':
    dependencies:
      '@parcel/types': 2.13.2(@parcel/core@2.13.0)
    transitivePeerDependencies:
      - '@parcel/core'

  '@parcel/profiler@2.13.0':
    dependencies:
      '@parcel/diagnostic': 2.13.0
      '@parcel/events': 2.13.0
      '@parcel/types-internal': 2.13.0
      chrome-trace-event: 1.0.4

  '@parcel/profiler@2.13.2':
    dependencies:
      '@parcel/diagnostic': 2.13.2
      '@parcel/events': 2.13.2
      '@parcel/types-internal': 2.13.2
      chrome-trace-event: 1.0.4

  '@parcel/rust@2.13.0': {}

  '@parcel/rust@2.13.2': {}

  '@parcel/source-map@2.1.1':
    dependencies:
      detect-libc: 1.0.3

  '@parcel/transformer-typescript-types@2.13.2(@parcel/core@2.13.0)(typescript@5.6.3)':
    dependencies:
      '@parcel/diagnostic': 2.13.2
      '@parcel/plugin': 2.13.2(@parcel/core@2.13.0)
      '@parcel/source-map': 2.1.1
      '@parcel/ts-utils': 2.13.2(typescript@5.6.3)
      '@parcel/utils': 2.13.2
      nullthrows: 1.1.1
      typescript: 5.6.3
    transitivePeerDependencies:
      - '@parcel/core'

  '@parcel/ts-utils@2.13.2(typescript@5.6.3)':
    dependencies:
      nullthrows: 1.1.1
      typescript: 5.6.3

  '@parcel/types-internal@2.13.0':
    dependencies:
      '@parcel/diagnostic': 2.13.0
      '@parcel/feature-flags': 2.13.0
      '@parcel/source-map': 2.1.1
      utility-types: 3.11.0

  '@parcel/types-internal@2.13.2':
    dependencies:
      '@parcel/diagnostic': 2.13.2
      '@parcel/feature-flags': 2.13.2
      '@parcel/source-map': 2.1.1
      utility-types: 3.11.0

  '@parcel/types@2.13.0(@parcel/core@2.13.0)':
    dependencies:
      '@parcel/types-internal': 2.13.0
      '@parcel/workers': 2.13.0(@parcel/core@2.13.0)
    transitivePeerDependencies:
      - '@parcel/core'

  '@parcel/types@2.13.2(@parcel/core@2.13.0)':
    dependencies:
      '@parcel/types-internal': 2.13.2
      '@parcel/workers': 2.13.2(@parcel/core@2.13.0)
    transitivePeerDependencies:
      - '@parcel/core'

  '@parcel/utils@2.13.0':
    dependencies:
      '@parcel/codeframe': 2.13.0
      '@parcel/diagnostic': 2.13.0
      '@parcel/logger': 2.13.0
      '@parcel/markdown-ansi': 2.13.0
      '@parcel/rust': 2.13.0
      '@parcel/source-map': 2.1.1
      chalk: 4.1.2
      nullthrows: 1.1.1

  '@parcel/utils@2.13.2':
    dependencies:
      '@parcel/codeframe': 2.13.2
      '@parcel/diagnostic': 2.13.2
      '@parcel/logger': 2.13.2
      '@parcel/markdown-ansi': 2.13.2
      '@parcel/rust': 2.13.2
      '@parcel/source-map': 2.1.1
      chalk: 4.1.2
      nullthrows: 1.1.1

  '@parcel/watcher-android-arm64@2.5.0':
    optional: true

  '@parcel/watcher-darwin-arm64@2.5.0':
    optional: true

  '@parcel/watcher-darwin-x64@2.5.0':
    optional: true

  '@parcel/watcher-freebsd-x64@2.5.0':
    optional: true

  '@parcel/watcher-linux-arm-glibc@2.5.0':
    optional: true

  '@parcel/watcher-linux-arm-musl@2.5.0':
    optional: true

  '@parcel/watcher-linux-arm64-glibc@2.5.0':
    optional: true

  '@parcel/watcher-linux-arm64-musl@2.5.0':
    optional: true

  '@parcel/watcher-linux-x64-glibc@2.5.0':
    optional: true

  '@parcel/watcher-linux-x64-musl@2.5.0':
    optional: true

  '@parcel/watcher-win32-arm64@2.5.0':
    optional: true

  '@parcel/watcher-win32-ia32@2.5.0':
    optional: true

  '@parcel/watcher-win32-x64@2.5.0':
    optional: true

  '@parcel/watcher@2.5.0':
    dependencies:
      detect-libc: 1.0.3
      is-glob: 4.0.3
      micromatch: 4.0.8
      node-addon-api: 7.1.1
    optionalDependencies:
      '@parcel/watcher-android-arm64': 2.5.0
      '@parcel/watcher-darwin-arm64': 2.5.0
      '@parcel/watcher-darwin-x64': 2.5.0
      '@parcel/watcher-freebsd-x64': 2.5.0
      '@parcel/watcher-linux-arm-glibc': 2.5.0
      '@parcel/watcher-linux-arm-musl': 2.5.0
      '@parcel/watcher-linux-arm64-glibc': 2.5.0
      '@parcel/watcher-linux-arm64-musl': 2.5.0
      '@parcel/watcher-linux-x64-glibc': 2.5.0
      '@parcel/watcher-linux-x64-musl': 2.5.0
      '@parcel/watcher-win32-arm64': 2.5.0
      '@parcel/watcher-win32-ia32': 2.5.0
      '@parcel/watcher-win32-x64': 2.5.0

  '@parcel/workers@2.13.0(@parcel/core@2.13.0)':
    dependencies:
      '@parcel/core': 2.13.0
      '@parcel/diagnostic': 2.13.0
      '@parcel/logger': 2.13.0
      '@parcel/profiler': 2.13.0
      '@parcel/types-internal': 2.13.0
      '@parcel/utils': 2.13.0
      nullthrows: 1.1.1

  '@parcel/workers@2.13.2(@parcel/core@2.13.0)':
    dependencies:
      '@parcel/core': 2.13.0
      '@parcel/diagnostic': 2.13.2
      '@parcel/logger': 2.13.2
      '@parcel/profiler': 2.13.2
      '@parcel/types-internal': 2.13.2
      '@parcel/utils': 2.13.2
      nullthrows: 1.1.1

  '@swc/core-darwin-arm64@1.9.2':
    optional: true

  '@swc/core-darwin-x64@1.9.2':
    optional: true

  '@swc/core-linux-arm-gnueabihf@1.9.2':
    optional: true

  '@swc/core-linux-arm64-gnu@1.9.2':
    optional: true

  '@swc/core-linux-arm64-musl@1.9.2':
    optional: true

  '@swc/core-linux-x64-gnu@1.9.2':
    optional: true

  '@swc/core-linux-x64-musl@1.9.2':
    optional: true

  '@swc/core-win32-arm64-msvc@1.9.2':
    optional: true

  '@swc/core-win32-ia32-msvc@1.9.2':
    optional: true

  '@swc/core-win32-x64-msvc@1.9.2':
    optional: true

  '@swc/core@1.9.2':
    dependencies:
      '@swc/counter': 0.1.3
      '@swc/types': 0.1.15
    optionalDependencies:
      '@swc/core-darwin-arm64': 1.9.2
      '@swc/core-darwin-x64': 1.9.2
      '@swc/core-linux-arm-gnueabihf': 1.9.2
      '@swc/core-linux-arm64-gnu': 1.9.2
      '@swc/core-linux-arm64-musl': 1.9.2
      '@swc/core-linux-x64-gnu': 1.9.2
      '@swc/core-linux-x64-musl': 1.9.2
      '@swc/core-win32-arm64-msvc': 1.9.2
      '@swc/core-win32-ia32-msvc': 1.9.2
      '@swc/core-win32-x64-msvc': 1.9.2

  '@swc/counter@0.1.3': {}

  '@swc/types@0.1.15':
    dependencies:
      '@swc/counter': 0.1.3

  '@types/benchmark@2.1.5': {}

  '@types/mustache@4.2.5': {}

  '@types/node@22.9.0':
    dependencies:
      undici-types: 6.19.8

  '@types/ramda@0.30.2':
    dependencies:
      types-ramda: 0.30.1

  ansi-styles@4.3.0:
    dependencies:
      color-convert: 2.0.1

  base-x@3.0.10:
    dependencies:
      safe-buffer: 5.2.1

  benchmark@2.1.4:
    dependencies:
      lodash: 4.17.21
      platform: 1.3.6

  braces@3.0.3:
    dependencies:
      fill-range: 7.1.1

  browserslist@4.24.2:
    dependencies:
      caniuse-lite: 1.0.30001680
      electron-to-chromium: 1.5.63
      node-releases: 2.0.18
      update-browserslist-db: 1.1.1(browserslist@4.24.2)

  caniuse-lite@1.0.30001680: {}

  chalk@4.1.2:
    dependencies:
      ansi-styles: 4.3.0
      supports-color: 7.2.0

  chrome-trace-event@1.0.4: {}

  clone@2.1.2: {}

  color-convert@2.0.1:
    dependencies:
      color-name: 1.1.4

  color-name@1.1.4: {}

  detect-libc@1.0.3: {}

  detect-libc@2.0.3: {}

  dotenv-expand@11.0.7:
    dependencies:
      dotenv: 16.4.5

  dotenv@16.4.5: {}

  electron-to-chromium@1.5.63: {}

  escalade@3.2.0: {}

  fill-range@7.1.1:
    dependencies:
      to-regex-range: 5.0.1

  has-flag@4.0.0: {}

  is-extglob@2.1.1: {}

  is-glob@4.0.3:
    dependencies:
      is-extglob: 2.1.1

  is-number@7.0.0: {}

  json5@2.2.3: {}

  lmdb@2.8.5:
    dependencies:
      msgpackr: 1.11.2
      node-addon-api: 6.1.0
      node-gyp-build-optional-packages: 5.1.1
      ordered-binary: 1.5.3
      weak-lru-cache: 1.2.2
    optionalDependencies:
      '@lmdb/lmdb-darwin-arm64': 2.8.5
      '@lmdb/lmdb-darwin-x64': 2.8.5
      '@lmdb/lmdb-linux-arm': 2.8.5
      '@lmdb/lmdb-linux-arm64': 2.8.5
      '@lmdb/lmdb-linux-x64': 2.8.5
      '@lmdb/lmdb-win32-x64': 2.8.5

  lmdb@3.1.6:
    dependencies:
      msgpackr: 1.11.2
      node-addon-api: 6.1.0
      node-gyp-build-optional-packages: 5.2.2
      ordered-binary: 1.5.3
      weak-lru-cache: 1.2.2
    optionalDependencies:
      '@lmdb/lmdb-darwin-arm64': 3.1.6
      '@lmdb/lmdb-darwin-x64': 3.1.6
      '@lmdb/lmdb-linux-arm': 3.1.6
      '@lmdb/lmdb-linux-arm64': 3.1.6
      '@lmdb/lmdb-linux-x64': 3.1.6
      '@lmdb/lmdb-win32-x64': 3.1.6

  lodash@4.17.21: {}

  micromatch@4.0.8:
    dependencies:
      braces: 3.0.3
      picomatch: 2.3.1

  msgpackr-extract@3.0.3:
    dependencies:
      node-gyp-build-optional-packages: 5.2.2
    optionalDependencies:
      '@msgpackr-extract/msgpackr-extract-darwin-arm64': 3.0.3
      '@msgpackr-extract/msgpackr-extract-darwin-x64': 3.0.3
      '@msgpackr-extract/msgpackr-extract-linux-arm': 3.0.3
      '@msgpackr-extract/msgpackr-extract-linux-arm64': 3.0.3
      '@msgpackr-extract/msgpackr-extract-linux-x64': 3.0.3
      '@msgpackr-extract/msgpackr-extract-win32-x64': 3.0.3
    optional: true

  msgpackr@1.11.2:
    optionalDependencies:
      msgpackr-extract: 3.0.3

  mustache@4.2.0: {}

  node-addon-api@6.1.0: {}

  node-addon-api@7.1.1: {}

  node-gyp-build-optional-packages@5.1.1:
    dependencies:
      detect-libc: 2.0.3

  node-gyp-build-optional-packages@5.2.2:
    dependencies:
      detect-libc: 2.0.3

  node-releases@2.0.18: {}

  nullthrows@1.1.1: {}

  ordered-binary@1.5.3: {}

  picocolors@1.1.1: {}

  picomatch@2.3.1: {}

  platform@1.3.6: {}

  ramda@0.30.1: {}

  safe-buffer@5.2.1: {}

  semver@7.6.3: {}

  supports-color@7.2.0:
    dependencies:
      has-flag: 4.0.0

  to-regex-range@5.0.1:
    dependencies:
      is-number: 7.0.0

  ts-toolbelt@9.6.0: {}

  types-ramda@0.30.1:
    dependencies:
      ts-toolbelt: 9.6.0

  typescript@5.6.3: {}

  undici-types@6.19.8: {}

  update-browserslist-db@1.1.1(browserslist@4.24.2):
    dependencies:
      browserslist: 4.24.2
      escalade: 3.2.0
      picocolors: 1.1.1

  utility-types@3.11.0: {}

  uuid@11.0.3: {}

  weak-lru-cache@1.2.2: {}

  zod@3.23.8: {}
